
Microsoft Visual Studio Solution File, Format Version 11.00
# Visual Studio 2010
Project("{FAE04EC0-301F-11D3-BF4B-00C04F79EFBC}") = "VSSBindingRemover", "VSSBindingRemover\VSSBindingRemover.csproj", "{B060F2C3-2717-4B1C-9A05-021B16481BBF}"
EndProject
Global
	GlobalSection(SolutionConfigurationPlatforms) = preSolution
		Debug|Any CPU = Debug|Any CPU
		Release|Any CPU = Release|Any CPU
	EndGlobalSection
	GlobalSection(ProjectConfigurationPlatforms) = postSolution
		{B060F2C3-2717-4B1C-9A05-021B16481BBF}.Debug|Any CPU.ActiveCfg = Debug|Any CPU
		{B060F2C3-2717-4B1C-9A05-021B16481BBF}.Debug|Any CPU.Build.0 = Debug|Any CPU
		{B060F2C3-2717-4B1C-9A05-021B16481BBF}.Release|Any CPU.ActiveCfg = Release|Any CPU
		{B060F2C3-2717-4B1C-9A05-021B16481BBF}.Release|Any CPU.Build.0 = Release|Any CPU
	EndGlobalSection
	GlobalSection(SolutionProperties) = preSolution
		HideSolutionNode = FALSE
	EndGlobalSection
EndGlobal
